
Microsoft Visual Studio Solution File, Format Version 12.00
# Visual Studio Version 17
VisualStudioVersion = 17.10.35004.147
MinimumVisualStudioVersion = 10.0.40219.1
Project("{FAE04EC0-301F-11D3-BF4B-00C04F79EFBC}") = "Pizza Ordering System", "Pizza Ordering System\Pizza Ordering System.csproj", "{7C5100F5-564A-433D-837A-A6060F4AC712}"
EndProject
Global
	GlobalSection(SolutionConfigurationPlatforms) = preSolution
		Debug|Any CPU = Debug|Any CPU
		Release|Any CPU = Release|Any CPU
	EndGlobalSection
	GlobalSection(ProjectConfigurationPlatforms) = postSolution
		{7C5100F5-564A-433D-837A-A6060F4AC712}.Debug|Any CPU.ActiveCfg = Debug|Any CPU
		{7C5100F5-564A-433D-837A-A6060F4AC712}.Debug|Any CPU.Build.0 = Debug|Any CPU
		{7C5100F5-564A-433D-837A-A6060F4AC712}.Release|Any CPU.ActiveCfg = Release|Any CPU
		{7C5100F5-564A-433D-837A-A6060F4AC712}.Release|Any CPU.Build.0 = Release|Any CPU
	EndGlobalSection
	GlobalSection(SolutionProperties) = preSolution
		HideSolutionNode = FALSE
	EndGlobalSection
	GlobalSection(ExtensibilityGlobals) = postSolution
		SolutionGuid = {67F36DF1-545F-4161-B382-A5C76A1C7C6A}
	EndGlobalSection
EndGlobal
